{
  "version": 4,
  "terraform_version": "0.12.2",
  "serial": 344,
  "lineage": "94c82ed3-fe4e-ac9e-2ae8-3ff1165be7af",
  "outputs": {
    "asg_name": {
      "value": "aniket-autoscale-group",
      "type": "string"
    },
    "elb_hostname": {
      "value": "aniket-alb-ecs-597929250.us-east-1.elb.amazonaws.com",
      "type": "string"
    },
    "launch_configuration": {
      "value": "terraform-20190619130436595000000001",
      "type": "string"
    }
  },
  "resources": [
    {
      "mode": "data",
      "type": "template_file",
      "name": "instance_profile",
      "provider": "provider.template",
      "instances": [
        {
          "schema_version": 0,
          "attributes": {
            "filename": null,
            "id": "560892bc763de0500ced1af376ae9351f6800c8d9a1aae6a7d2afb118e44af13",
            "rendered": "{\n  \"Version\": \"2012-10-17\",\n  \"Statement\": [\n    {\n      \"Sid\": \"ecsInstanceRole\",\n      \"Effect\": \"Allow\",\n      \"Action\": [\n              \"ecs:CreateCluster\",\n              \"ecs:DeregisterContainerInstance\",\n              \"ecs:DiscoverPollEndpoint\",\n              \"ecs:Poll\",\n              \"ecs:RegisterContainerInstance\",\n              \"ecs:StartTelemetrySession\",\n              \"ecs:Submit*\",\n              \"ecs:StartTask\",\n              \"ecr:GetAuthorizationToken\",\n              \"ecr:BatchCheckLayerAvailability\",\n              \"ecr:GetDownloadUrlForLayer\",\n              \"ecr:BatchGetImage\",\n              \"logs:CreateLogStream\",\n              \"logs:PutLogEvents\"\n      ],\n      \"Resource\": [\n        \"*\"\n      ]\n    },\n    {\n      \"Sid\": \"allowLoggingToCloudWatch\",\n      \"Effect\": \"Allow\",\n      \"Action\": [\n                \"logs:CreateLogGroup\",\n                \"logs:CreateLogStream\",\n                \"logs:PutLogEvents\",\n                \"logs:DescribeLogStreams\"\n      ],\n      \"Resource\": [\n        \"arn:aws:logs:us-east-1:269898812198:log-group:aniket-ecs-group/showtimeapp:*\",\n        \"arn:aws:logs:us-east-1:269898812198:log-group:aniket-ecs-group/bookingapp:*\",\n        \"arn:aws:logs:us-east-1:269898812198:log-group:aniket-ecs-group/movieapp:*\",\n        \"arn:aws:logs:us-east-1:269898812198:log-group:aniket-ecs-group/ecs-agent:*\"\n      ]\n    }\n  ]\n}\n",
            "template": "{\n  \"Version\": \"2012-10-17\",\n  \"Statement\": [\n    {\n      \"Sid\": \"ecsInstanceRole\",\n      \"Effect\": \"Allow\",\n      \"Action\": [\n              \"ecs:CreateCluster\",\n              \"ecs:DeregisterContainerInstance\",\n              \"ecs:DiscoverPollEndpoint\",\n              \"ecs:Poll\",\n              \"ecs:RegisterContainerInstance\",\n              \"ecs:StartTelemetrySession\",\n              \"ecs:Submit*\",\n              \"ecs:StartTask\",\n              \"ecr:GetAuthorizationToken\",\n              \"ecr:BatchCheckLayerAvailability\",\n              \"ecr:GetDownloadUrlForLayer\",\n              \"ecr:BatchGetImage\",\n              \"logs:CreateLogStream\",\n              \"logs:PutLogEvents\"\n      ],\n      \"Resource\": [\n        \"*\"\n      ]\n    },\n    {\n      \"Sid\": \"allowLoggingToCloudWatch\",\n      \"Effect\": \"Allow\",\n      \"Action\": [\n                \"logs:CreateLogGroup\",\n                \"logs:CreateLogStream\",\n                \"logs:PutLogEvents\",\n                \"logs:DescribeLogStreams\"\n      ],\n      \"Resource\": [\n        \"${showtime_log_group_arn}\",\n        \"${booking_log_group_arn}\",\n        \"${movie_log_group_arn}\",\n        \"${ecs_log_group_arn}\"\n      ]\n    }\n  ]\n}\n",
            "vars": {
              "booking_log_group_arn": "arn:aws:logs:us-east-1:269898812198:log-group:aniket-ecs-group/bookingapp:*",
              "ecs_log_group_arn": "arn:aws:logs:us-east-1:269898812198:log-group:aniket-ecs-group/ecs-agent:*",
              "movie_log_group_arn": "arn:aws:logs:us-east-1:269898812198:log-group:aniket-ecs-group/movieapp:*",
              "showtime_log_group_arn": "arn:aws:logs:us-east-1:269898812198:log-group:aniket-ecs-group/showtimeapp:*"
            }
          },
          "depends_on": [
            "aws_cloudwatch_log_group.bookingapp",
            "aws_cloudwatch_log_group.ecs",
            "aws_cloudwatch_log_group.movieapp",
            "aws_cloudwatch_log_group.showtimeapp"
          ]
        }
      ]
    },
    {
      "mode": "data",
      "type": "template_file",
      "name": "task_definition_booking",
      "provider": "provider.template",
      "instances": [
        {
          "schema_version": 0,
          "attributes": {
            "filename": null,
            "id": "a527b652dcbb1a3ff3993c7fb94c031f567a855e2150864e6d689f743ba7438a",
            "rendered": "[\n  {\n    \"cpu\": 128,\n    \"essential\": true,\n    \"image\": \"269898812198.dkr.ecr.us-east-1.amazonaws.com/booking-service\",\n    \"memory\": 128,\n    \"name\": \"booking\",\n    \"portMappings\": [\n      {\n        \"containerPort\": 3001,\n        \"hostPort\": 0\n      }\n    ],\n    \"logConfiguration\": {\n        \"logDriver\": \"awslogs\",\n        \"options\": {\n            \"awslogs-group\": \"aniket-ecs-group/bookingapp\",\n            \"awslogs-region\": \"us-east-1\"\n        }\n    }\n  }\n]\n",
            "template": "[\n  {\n    \"cpu\": 128,\n    \"essential\": true,\n    \"image\": \"${image_url}\",\n    \"memory\": 128,\n    \"name\": \"${container_name}\",\n    \"portMappings\": [\n      {\n        \"containerPort\": 3001,\n        \"hostPort\": 0\n      }\n    ],\n    \"logConfiguration\": {\n        \"logDriver\": \"awslogs\",\n        \"options\": {\n            \"awslogs-group\": \"${log_group_name}\",\n            \"awslogs-region\": \"${log_group_region}\"\n        }\n    }\n  }\n]\n",
            "vars": {
              "container_name": "booking",
              "image_url": "269898812198.dkr.ecr.us-east-1.amazonaws.com/booking-service",
              "log_group_name": "aniket-ecs-group/bookingapp",
              "log_group_region": "us-east-1"
            }
          },
          "depends_on": [
            "aws_cloudwatch_log_group.bookingapp"
          ]
        }
      ]
    },
    {
      "mode": "data",
      "type": "template_file",
      "name": "task_definition_movies",
      "provider": "provider.template",
      "instances": [
        {
          "schema_version": 0,
          "attributes": {
            "filename": null,
            "id": "bfde2a40252a3ca5f8af2d9fb0fa529a1281d5e24f86c117682e7495aaeac34a",
            "rendered": "[\n  {\n    \"cpu\": 128,\n    \"essential\": true,\n    \"image\": \"269898812198.dkr.ecr.us-east-1.amazonaws.com/movies-service\",\n    \"memory\": 128,\n    \"name\": \"movies\",\n    \"portMappings\": [\n      {\n        \"containerPort\": 3000,\n        \"hostPort\": 0\n      }\n    ],\n    \"logConfiguration\": {\n        \"logDriver\": \"awslogs\",\n        \"options\": {\n            \"awslogs-group\": \"aniket-ecs-group/movieapp\",\n            \"awslogs-region\": \"us-east-1\"\n        }\n    }\n  }\n]\n",
            "template": "[\n  {\n    \"cpu\": 128,\n    \"essential\": true,\n    \"image\": \"${image_url}\",\n    \"memory\": 128,\n    \"name\": \"${container_name}\",\n    \"portMappings\": [\n      {\n        \"containerPort\": 3000,\n        \"hostPort\": 0\n      }\n    ],\n    \"logConfiguration\": {\n        \"logDriver\": \"awslogs\",\n        \"options\": {\n            \"awslogs-group\": \"${log_group_name}\",\n            \"awslogs-region\": \"${log_group_region}\"\n        }\n    }\n  }\n]\n",
            "vars": {
              "container_name": "movies",
              "image_url": "269898812198.dkr.ecr.us-east-1.amazonaws.com/movies-service",
              "log_group_name": "aniket-ecs-group/movieapp",
              "log_group_region": "us-east-1"
            }
          },
          "depends_on": [
            "aws_cloudwatch_log_group.movieapp"
          ]
        }
      ]
    },
    {
      "mode": "data",
      "type": "template_file",
      "name": "task_definition_showtime",
      "provider": "provider.template",
      "instances": [
        {
          "schema_version": 0,
          "attributes": {
            "filename": null,
            "id": "520f7c1072e50a2493634ac7cc36c41b52e92c5b6571ec8482264eaf39c93bef",
            "rendered": "[\n  {\n    \"cpu\": 128,\n    \"essential\": true,\n    \"image\": \"269898812198.dkr.ecr.us-east-1.amazonaws.com/showtime-service\",\n    \"memory\": 128,\n    \"name\": \"showtime\",\n    \"portMappings\": [\n      {\n        \"containerPort\": 3002,\n        \"hostPort\": 0\n      }\n    ],\n    \"logConfiguration\": {\n        \"logDriver\": \"awslogs\",\n        \"options\": {\n            \"awslogs-group\": \"aniket-ecs-group/showtimeapp\",\n            \"awslogs-region\": \"us-east-1\"\n        }\n    }\n  }\n]\n",
            "template": "[\n  {\n    \"cpu\": 128,\n    \"essential\": true,\n    \"image\": \"${image_url}\",\n    \"memory\": 128,\n    \"name\": \"${container_name}\",\n    \"portMappings\": [\n      {\n        \"containerPort\": 3002,\n        \"hostPort\": 0\n      }\n    ],\n    \"logConfiguration\": {\n        \"logDriver\": \"awslogs\",\n        \"options\": {\n            \"awslogs-group\": \"${log_group_name}\",\n            \"awslogs-region\": \"${log_group_region}\"\n        }\n    }\n  }\n]\n",
            "vars": {
              "container_name": "showtime",
              "image_url": "269898812198.dkr.ecr.us-east-1.amazonaws.com/showtime-service",
              "log_group_name": "aniket-ecs-group/showtimeapp",
              "log_group_region": "us-east-1"
            }
          },
          "depends_on": [
            "aws_cloudwatch_log_group.showtimeapp"
          ]
        }
      ]
    },
    {
      "mode": "data",
      "type": "template_file",
      "name": "userdata",
      "provider": "provider.template",
      "instances": [
        {
          "schema_version": 0,
          "attributes": {
            "filename": null,
            "id": "f808945ab28fffca36e079948c93cc6c501899f8983298fac8cdec04d6a371d6",
            "rendered": "#!/bin/bash\r\necho 'ECS_CLUSTER=aniket-ecs-cluster' \u003e /etc/ecs/ecs.config\r\nstart ecs",
            "template": "#!/bin/bash\r\necho 'ECS_CLUSTER=${ecs_cluster_name}' \u003e /etc/ecs/ecs.config\r\nstart ecs",
            "vars": {
              "ecs_cluster_name": "aniket-ecs-cluster"
            }
          },
          "depends_on": [
            "aws_ecs_cluster.main"
          ]
        }
      ]
    },
    {
      "mode": "managed",
      "type": "aws_alb",
      "name": "main",
      "provider": "provider.aws",
      "instances": [
        {
          "schema_version": 0,
          "attributes": {
            "access_logs": [
              {
                "bucket": "",
                "enabled": false,
                "prefix": ""
              }
            ],
            "arn": "arn:aws:elasticloadbalancing:us-east-1:269898812198:loadbalancer/app/aniket-alb-ecs/5a31daab8eebbd83",
            "arn_suffix": "app/aniket-alb-ecs/5a31daab8eebbd83",
            "dns_name": "aniket-alb-ecs-597929250.us-east-1.elb.amazonaws.com",
            "enable_cross_zone_load_balancing": null,
            "enable_deletion_protection": false,
            "enable_http2": true,
            "id": "arn:aws:elasticloadbalancing:us-east-1:269898812198:loadbalancer/app/aniket-alb-ecs/5a31daab8eebbd83",
            "idle_timeout": 60,
            "internal": false,
            "ip_address_type": "ipv4",
            "load_balancer_type": "application",
            "name": "aniket-alb-ecs",
            "name_prefix": null,
            "security_groups": [
              "sg-0979687966e579fee",
              "sg-0c80ce4a0f043ea1f"
            ],
            "subnet_mapping": [
              {
                "allocation_id": "",
                "subnet_id": "subnet-5cd90c62"
              },
              {
                "allocation_id": "",
                "subnet_id": "subnet-90e062cc"
              }
            ],
            "subnets": [
              "subnet-5cd90c62",
              "subnet-90e062cc"
            ],
            "tags": null,
            "timeouts": null,
            "vpc_id": "vpc-f45d8f8e",
            "zone_id": "Z35SXDOTRQ7X7K"
          },
          "private": "eyJlMmJmYjczMC1lY2FhLTExZTYtOGY4OC0zNDM2M2JjN2M0YzAiOnsiY3JlYXRlIjo2MDAwMDAwMDAwMDAsImRlbGV0ZSI6NjAwMDAwMDAwMDAwLCJ1cGRhdGUiOjYwMDAwMDAwMDAwMH19"
        }
      ]
    },
    {
      "mode": "managed",
      "type": "aws_alb_listener",
      "name": "front_end_booking",
      "provider": "provider.aws",
      "instances": [
        {
          "schema_version": 0,
          "attributes": {
            "arn": "arn:aws:elasticloadbalancing:us-east-1:269898812198:listener/app/aniket-alb-ecs/5a31daab8eebbd83/18e053489a1c40e2",
            "certificate_arn": null,
            "default_action": [
              {
                "authenticate_cognito": [],
                "authenticate_oidc": [],
                "fixed_response": [],
                "order": 1,
                "redirect": [],
                "target_group_arn": "arn:aws:elasticloadbalancing:us-east-1:269898812198:targetgroup/booking-ecs-tg/f9cd2e6f98e99707",
                "type": "forward"
              }
            ],
            "id": "arn:aws:elasticloadbalancing:us-east-1:269898812198:listener/app/aniket-alb-ecs/5a31daab8eebbd83/18e053489a1c40e2",
            "load_balancer_arn": "arn:aws:elasticloadbalancing:us-east-1:269898812198:loadbalancer/app/aniket-alb-ecs/5a31daab8eebbd83",
            "port": 3001,
            "protocol": "HTTP",
            "ssl_policy": "",
            "timeouts": null
          },
          "private": "eyJlMmJmYjczMC1lY2FhLTExZTYtOGY4OC0zNDM2M2JjN2M0YzAiOnsicmVhZCI6NjAwMDAwMDAwMDAwfX0=",
          "depends_on": [
            "aws_alb.main",
            "aws_alb_target_group.booking_target_group"
          ]
        }
      ]
    },
    {
      "mode": "managed",
      "type": "aws_alb_listener",
      "name": "front_end_movie",
      "provider": "provider.aws",
      "instances": [
        {
          "schema_version": 0,
          "attributes": {
            "arn": "arn:aws:elasticloadbalancing:us-east-1:269898812198:listener/app/aniket-alb-ecs/5a31daab8eebbd83/c7a598dbab29280a",
            "certificate_arn": null,
            "default_action": [
              {
                "authenticate_cognito": [],
                "authenticate_oidc": [],
                "fixed_response": [],
                "order": 1,
                "redirect": [],
                "target_group_arn": "arn:aws:elasticloadbalancing:us-east-1:269898812198:targetgroup/movie-ecs-tg/4cbddd6b1e083555",
                "type": "forward"
              }
            ],
            "id": "arn:aws:elasticloadbalancing:us-east-1:269898812198:listener/app/aniket-alb-ecs/5a31daab8eebbd83/c7a598dbab29280a",
            "load_balancer_arn": "arn:aws:elasticloadbalancing:us-east-1:269898812198:loadbalancer/app/aniket-alb-ecs/5a31daab8eebbd83",
            "port": 3000,
            "protocol": "HTTP",
            "ssl_policy": "",
            "timeouts": null
          },
          "private": "eyJlMmJmYjczMC1lY2FhLTExZTYtOGY4OC0zNDM2M2JjN2M0YzAiOnsicmVhZCI6NjAwMDAwMDAwMDAwfX0=",
          "depends_on": [
            "aws_alb.main",
            "aws_alb_target_group.movie_target_group"
          ]
        }
      ]
    },
    {
      "mode": "managed",
      "type": "aws_alb_listener",
      "name": "front_end_showtime",
      "provider": "provider.aws",
      "instances": [
        {
          "schema_version": 0,
          "attributes": {
            "arn": "arn:aws:elasticloadbalancing:us-east-1:269898812198:listener/app/aniket-alb-ecs/5a31daab8eebbd83/6e4f7ed9860157ba",
            "certificate_arn": null,
            "default_action": [
              {
                "authenticate_cognito": [],
                "authenticate_oidc": [],
                "fixed_response": [],
                "order": 1,
                "redirect": [],
                "target_group_arn": "arn:aws:elasticloadbalancing:us-east-1:269898812198:targetgroup/showtime-ecs-tg/53ae0d5a5b37e654",
                "type": "forward"
              }
            ],
            "id": "arn:aws:elasticloadbalancing:us-east-1:269898812198:listener/app/aniket-alb-ecs/5a31daab8eebbd83/6e4f7ed9860157ba",
            "load_balancer_arn": "arn:aws:elasticloadbalancing:us-east-1:269898812198:loadbalancer/app/aniket-alb-ecs/5a31daab8eebbd83",
            "port": 3002,
            "protocol": "HTTP",
            "ssl_policy": "",
            "timeouts": null
          },
          "private": "eyJlMmJmYjczMC1lY2FhLTExZTYtOGY4OC0zNDM2M2JjN2M0YzAiOnsicmVhZCI6NjAwMDAwMDAwMDAwfX0=",
          "depends_on": [
            "aws_alb.main",
            "aws_alb_target_group.showtime_target_group"
          ]
        }
      ]
    },
    {
      "mode": "managed",
      "type": "aws_alb_target_group",
      "name": "booking_target_group",
      "provider": "provider.aws",
      "instances": [
        {
          "schema_version": 0,
          "attributes": {
            "arn": "arn:aws:elasticloadbalancing:us-east-1:269898812198:targetgroup/booking-ecs-tg/f9cd2e6f98e99707",
            "arn_suffix": "targetgroup/booking-ecs-tg/f9cd2e6f98e99707",
            "deregistration_delay": 300,
            "health_check": [
              {
                "enabled": true,
                "healthy_threshold": 3,
                "interval": 30,
                "matcher": "200",
                "path": "/booking",
                "port": "traffic-port",
                "protocol": "HTTP",
                "timeout": 5,
                "unhealthy_threshold": 3
              }
            ],
            "id": "arn:aws:elasticloadbalancing:us-east-1:269898812198:targetgroup/booking-ecs-tg/f9cd2e6f98e99707",
            "lambda_multi_value_headers_enabled": false,
            "name": "booking-ecs-tg",
            "name_prefix": null,
            "port": 3001,
            "protocol": "HTTP",
            "proxy_protocol_v2": false,
            "slow_start": 0,
            "stickiness": [
              {
                "cookie_duration": 86400,
                "enabled": false,
                "type": "lb_cookie"
              }
            ],
            "tags": null,
            "target_type": "instance",
            "vpc_id": "vpc-f45d8f8e"
          },
          "private": "bnVsbA=="
        }
      ]
    },
    {
      "mode": "managed",
      "type": "aws_alb_target_group",
      "name": "movie_target_group",
      "provider": "provider.aws",
      "instances": [
        {
          "schema_version": 0,
          "attributes": {
            "arn": "arn:aws:elasticloadbalancing:us-east-1:269898812198:targetgroup/movie-ecs-tg/4cbddd6b1e083555",
            "arn_suffix": "targetgroup/movie-ecs-tg/4cbddd6b1e083555",
            "deregistration_delay": 300,
            "health_check": [
              {
                "enabled": true,
                "healthy_threshold": 3,
                "interval": 30,
                "matcher": "200",
                "path": "/movies",
                "port": "traffic-port",
                "protocol": "HTTP",
                "timeout": 5,
                "unhealthy_threshold": 3
              }
            ],
            "id": "arn:aws:elasticloadbalancing:us-east-1:269898812198:targetgroup/movie-ecs-tg/4cbddd6b1e083555",
            "lambda_multi_value_headers_enabled": false,
            "name": "movie-ecs-tg",
            "name_prefix": null,
            "port": 3000,
            "protocol": "HTTP",
            "proxy_protocol_v2": false,
            "slow_start": 0,
            "stickiness": [
              {
                "cookie_duration": 86400,
                "enabled": false,
                "type": "lb_cookie"
              }
            ],
            "tags": null,
            "target_type": "instance",
            "vpc_id": "vpc-f45d8f8e"
          },
          "private": "bnVsbA=="
        }
      ]
    },
    {
      "mode": "managed",
      "type": "aws_alb_target_group",
      "name": "showtime_target_group",
      "provider": "provider.aws",
      "instances": [
        {
          "schema_version": 0,
          "attributes": {
            "arn": "arn:aws:elasticloadbalancing:us-east-1:269898812198:targetgroup/showtime-ecs-tg/53ae0d5a5b37e654",
            "arn_suffix": "targetgroup/showtime-ecs-tg/53ae0d5a5b37e654",
            "deregistration_delay": 300,
            "health_check": [
              {
                "enabled": true,
                "healthy_threshold": 3,
                "interval": 30,
                "matcher": "200",
                "path": "/cinemas",
                "port": "traffic-port",
                "protocol": "HTTP",
                "timeout": 5,
                "unhealthy_threshold": 3
              }
            ],
            "id": "arn:aws:elasticloadbalancing:us-east-1:269898812198:targetgroup/showtime-ecs-tg/53ae0d5a5b37e654",
            "lambda_multi_value_headers_enabled": false,
            "name": "showtime-ecs-tg",
            "name_prefix": null,
            "port": 3002,
            "protocol": "HTTP",
            "proxy_protocol_v2": false,
            "slow_start": 0,
            "stickiness": [
              {
                "cookie_duration": 86400,
                "enabled": false,
                "type": "lb_cookie"
              }
            ],
            "tags": null,
            "target_type": "instance",
            "vpc_id": "vpc-f45d8f8e"
          },
          "private": "bnVsbA=="
        }
      ]
    },
    {
      "mode": "managed",
      "type": "aws_autoscaling_group",
      "name": "aniket_app",
      "provider": "provider.aws",
      "instances": [
        {
          "schema_version": 0,
          "attributes": {
            "arn": "arn:aws:autoscaling:us-east-1:269898812198:autoScalingGroup:ca717d3f-ef9c-4ec0-8fcc-556e9501eb8e:autoScalingGroupName/aniket-autoscale-group",
            "availability_zones": [
              "us-east-1a",
              "us-east-1e"
            ],
            "default_cooldown": 300,
            "desired_capacity": 1,
            "enabled_metrics": null,
            "force_delete": false,
            "health_check_grace_period": 300,
            "health_check_type": "EC2",
            "id": "aniket-autoscale-group",
            "initial_lifecycle_hook": [],
            "launch_configuration": "terraform-20190619130436595000000001",
            "launch_template": [],
            "load_balancers": [],
            "max_size": 2,
            "metrics_granularity": "1Minute",
            "min_elb_capacity": null,
            "min_size": 1,
            "mixed_instances_policy": [],
            "name": "aniket-autoscale-group",
            "name_prefix": null,
            "placement_group": "",
            "protect_from_scale_in": false,
            "service_linked_role_arn": "arn:aws:iam::269898812198:role/aws-service-role/autoscaling.amazonaws.com/AWSServiceRoleForAutoScaling",
            "suspended_processes": null,
            "tag": [],
            "tags": null,
            "target_group_arns": [],
            "termination_policies": null,
            "timeouts": null,
            "vpc_zone_identifier": [
              "subnet-5cd90c62",
              "subnet-90e062cc"
            ],
            "wait_for_capacity_timeout": "10m",
            "wait_for_elb_capacity": null
          },
          "private": "eyJlMmJmYjczMC1lY2FhLTExZTYtOGY4OC0zNDM2M2JjN2M0YzAiOnsiZGVsZXRlIjo2MDAwMDAwMDAwMDB9fQ==",
          "depends_on": [
            "aws_launch_configuration.aniket_app"
          ]
        }
      ]
    },
    {
      "mode": "managed",
      "type": "aws_cloudwatch_log_group",
      "name": "bookingapp",
      "provider": "provider.aws",
      "instances": [
        {
          "schema_version": 0,
          "attributes": {
            "arn": "arn:aws:logs:us-east-1:269898812198:log-group:aniket-ecs-group/bookingapp:*",
            "id": "aniket-ecs-group/bookingapp",
            "kms_key_id": "",
            "name": "aniket-ecs-group/bookingapp",
            "name_prefix": null,
            "retention_in_days": 0,
            "tags": null
          },
          "private": "bnVsbA=="
        }
      ]
    },
    {
      "mode": "managed",
      "type": "aws_cloudwatch_log_group",
      "name": "ecs",
      "provider": "provider.aws",
      "instances": [
        {
          "schema_version": 0,
          "attributes": {
            "arn": "arn:aws:logs:us-east-1:269898812198:log-group:aniket-ecs-group/ecs-agent:*",
            "id": "aniket-ecs-group/ecs-agent",
            "kms_key_id": "",
            "name": "aniket-ecs-group/ecs-agent",
            "name_prefix": null,
            "retention_in_days": 0,
            "tags": null
          },
          "private": "bnVsbA=="
        }
      ]
    },
    {
      "mode": "managed",
      "type": "aws_cloudwatch_log_group",
      "name": "movieapp",
      "provider": "provider.aws",
      "instances": [
        {
          "schema_version": 0,
          "attributes": {
            "arn": "arn:aws:logs:us-east-1:269898812198:log-group:aniket-ecs-group/movieapp:*",
            "id": "aniket-ecs-group/movieapp",
            "kms_key_id": "",
            "name": "aniket-ecs-group/movieapp",
            "name_prefix": null,
            "retention_in_days": 0,
            "tags": null
          },
          "private": "bnVsbA=="
        }
      ]
    },
    {
      "mode": "managed",
      "type": "aws_cloudwatch_log_group",
      "name": "showtimeapp",
      "provider": "provider.aws",
      "instances": [
        {
          "schema_version": 0,
          "attributes": {
            "arn": "arn:aws:logs:us-east-1:269898812198:log-group:aniket-ecs-group/showtimeapp:*",
            "id": "aniket-ecs-group/showtimeapp",
            "kms_key_id": "",
            "name": "aniket-ecs-group/showtimeapp",
            "name_prefix": null,
            "retention_in_days": 0,
            "tags": null
          },
          "private": "bnVsbA=="
        }
      ]
    },
    {
      "mode": "managed",
      "type": "aws_ecs_cluster",
      "name": "main",
      "provider": "provider.aws",
      "instances": [
        {
          "schema_version": 0,
          "attributes": {
            "arn": "arn:aws:ecs:us-east-1:269898812198:cluster/aniket-ecs-cluster",
            "id": "arn:aws:ecs:us-east-1:269898812198:cluster/aniket-ecs-cluster",
            "name": "aniket-ecs-cluster",
            "tags": null
          },
          "private": "bnVsbA=="
        }
      ]
    },
    {
      "mode": "managed",
      "type": "aws_ecs_service",
      "name": "booking_service",
      "provider": "provider.aws",
      "instances": [
        {
          "schema_version": 0,
          "attributes": {
            "cluster": "arn:aws:ecs:us-east-1:269898812198:cluster/aniket-ecs-cluster",
            "deployment_controller": [
              {
                "type": "ECS"
              }
            ],
            "deployment_maximum_percent": 200,
            "deployment_minimum_healthy_percent": 100,
            "desired_count": 1,
            "enable_ecs_managed_tags": false,
            "health_check_grace_period_seconds": 0,
            "iam_role": "aniket-ecs-role",
            "id": "arn:aws:ecs:us-east-1:269898812198:service/booking-service",
            "launch_type": "EC2",
            "load_balancer": [
              {
                "container_name": "booking",
                "container_port": 3001,
                "elb_name": "",
                "target_group_arn": "arn:aws:elasticloadbalancing:us-east-1:269898812198:targetgroup/booking-ecs-tg/f9cd2e6f98e99707"
              }
            ],
            "name": "booking-service",
            "network_configuration": [],
            "ordered_placement_strategy": [],
            "placement_constraints": [],
            "placement_strategy": [],
            "platform_version": "",
            "propagate_tags": "NONE",
            "scheduling_strategy": "REPLICA",
            "service_registries": [],
            "tags": null,
            "task_definition": "arn:aws:ecs:us-east-1:269898812198:task-definition/booking-task:7"
          },
          "private": "bnVsbA==",
          "depends_on": [
            "aws_alb_listener.front_end_booking",
            "aws_alb_target_group.booking_target_group",
            "aws_ecs_cluster.main",
            "aws_ecs_task_definition.booking_task",
            "aws_iam_role.ecs_service"
          ]
        }
      ]
    },
    {
      "mode": "managed",
      "type": "aws_ecs_service",
      "name": "movie_service",
      "provider": "provider.aws",
      "instances": [
        {
          "schema_version": 0,
          "attributes": {
            "cluster": "arn:aws:ecs:us-east-1:269898812198:cluster/aniket-ecs-cluster",
            "deployment_controller": [
              {
                "type": "ECS"
              }
            ],
            "deployment_maximum_percent": 200,
            "deployment_minimum_healthy_percent": 100,
            "desired_count": 1,
            "enable_ecs_managed_tags": false,
            "health_check_grace_period_seconds": 0,
            "iam_role": "aniket-ecs-role",
            "id": "arn:aws:ecs:us-east-1:269898812198:service/movie-service",
            "launch_type": "EC2",
            "load_balancer": [
              {
                "container_name": "movies",
                "container_port": 3000,
                "elb_name": "",
                "target_group_arn": "arn:aws:elasticloadbalancing:us-east-1:269898812198:targetgroup/movie-ecs-tg/4cbddd6b1e083555"
              }
            ],
            "name": "movie-service",
            "network_configuration": [],
            "ordered_placement_strategy": [],
            "placement_constraints": [],
            "placement_strategy": [],
            "platform_version": "",
            "propagate_tags": "NONE",
            "scheduling_strategy": "REPLICA",
            "service_registries": [],
            "tags": null,
            "task_definition": "arn:aws:ecs:us-east-1:269898812198:task-definition/movie-task:7"
          },
          "private": "bnVsbA==",
          "depends_on": [
            "aws_alb_listener.front_end_movie",
            "aws_alb_target_group.movie_target_group",
            "aws_ecs_cluster.main",
            "aws_ecs_task_definition.movie_task",
            "aws_iam_role.ecs_service"
          ]
        }
      ]
    },
    {
      "mode": "managed",
      "type": "aws_ecs_service",
      "name": "showtime_service",
      "provider": "provider.aws",
      "instances": [
        {
          "schema_version": 0,
          "attributes": {
            "cluster": "arn:aws:ecs:us-east-1:269898812198:cluster/aniket-ecs-cluster",
            "deployment_controller": [
              {
                "type": "ECS"
              }
            ],
            "deployment_maximum_percent": 200,
            "deployment_minimum_healthy_percent": 100,
            "desired_count": 1,
            "enable_ecs_managed_tags": false,
            "health_check_grace_period_seconds": 0,
            "iam_role": "aniket-ecs-role",
            "id": "arn:aws:ecs:us-east-1:269898812198:service/showtime-service",
            "launch_type": "EC2",
            "load_balancer": [
              {
                "container_name": "showtime",
                "container_port": 3002,
                "elb_name": "",
                "target_group_arn": "arn:aws:elasticloadbalancing:us-east-1:269898812198:targetgroup/showtime-ecs-tg/53ae0d5a5b37e654"
              }
            ],
            "name": "showtime-service",
            "network_configuration": [],
            "ordered_placement_strategy": [],
            "placement_constraints": [],
            "placement_strategy": [],
            "platform_version": "",
            "propagate_tags": "NONE",
            "scheduling_strategy": "REPLICA",
            "service_registries": [],
            "tags": null,
            "task_definition": "arn:aws:ecs:us-east-1:269898812198:task-definition/showtime-task:7"
          },
          "private": "bnVsbA==",
          "depends_on": [
            "aws_alb_listener.front_end_showtime",
            "aws_alb_target_group.showtime_target_group",
            "aws_ecs_cluster.main",
            "aws_ecs_task_definition.showtime_task",
            "aws_iam_role.ecs_service"
          ]
        }
      ]
    },
    {
      "mode": "managed",
      "type": "aws_ecs_task_definition",
      "name": "booking_task",
      "provider": "provider.aws",
      "instances": [
        {
          "schema_version": 1,
          "attributes": {
            "arn": "arn:aws:ecs:us-east-1:269898812198:task-definition/booking-task:7",
            "container_definitions": "[{\"cpu\":128,\"environment\":[],\"essential\":true,\"image\":\"269898812198.dkr.ecr.us-east-1.amazonaws.com/booking-service\",\"logConfiguration\":{\"logDriver\":\"awslogs\",\"options\":{\"awslogs-group\":\"aniket-ecs-group/bookingapp\",\"awslogs-region\":\"us-east-1\"}},\"memory\":128,\"mountPoints\":[],\"name\":\"booking\",\"portMappings\":[{\"containerPort\":3001,\"hostPort\":0,\"protocol\":\"tcp\"}],\"volumesFrom\":[]}]",
            "cpu": "",
            "execution_role_arn": "",
            "family": "booking-task",
            "id": "booking-task",
            "ipc_mode": null,
            "memory": "",
            "network_mode": "",
            "pid_mode": null,
            "placement_constraints": [],
            "requires_compatibilities": null,
            "revision": 7,
            "tags": null,
            "task_role_arn": "",
            "volume": []
          },
          "private": "eyJzY2hlbWFfdmVyc2lvbiI6IjEifQ==",
          "depends_on": [
            "data.template_file.task_definition_booking"
          ]
        }
      ]
    },
    {
      "mode": "managed",
      "type": "aws_ecs_task_definition",
      "name": "movie_task",
      "provider": "provider.aws",
      "instances": [
        {
          "schema_version": 1,
          "attributes": {
            "arn": "arn:aws:ecs:us-east-1:269898812198:task-definition/movie-task:7",
            "container_definitions": "[{\"cpu\":128,\"environment\":[],\"essential\":true,\"image\":\"269898812198.dkr.ecr.us-east-1.amazonaws.com/movies-service\",\"logConfiguration\":{\"logDriver\":\"awslogs\",\"options\":{\"awslogs-group\":\"aniket-ecs-group/movieapp\",\"awslogs-region\":\"us-east-1\"}},\"memory\":128,\"mountPoints\":[],\"name\":\"movies\",\"portMappings\":[{\"containerPort\":3000,\"hostPort\":0,\"protocol\":\"tcp\"}],\"volumesFrom\":[]}]",
            "cpu": "",
            "execution_role_arn": "",
            "family": "movie-task",
            "id": "movie-task",
            "ipc_mode": null,
            "memory": "",
            "network_mode": "",
            "pid_mode": null,
            "placement_constraints": [],
            "requires_compatibilities": null,
            "revision": 7,
            "tags": null,
            "task_role_arn": "",
            "volume": []
          },
          "private": "eyJzY2hlbWFfdmVyc2lvbiI6IjEifQ==",
          "depends_on": [
            "data.template_file.task_definition_movies"
          ]
        }
      ]
    },
    {
      "mode": "managed",
      "type": "aws_ecs_task_definition",
      "name": "showtime_task",
      "provider": "provider.aws",
      "instances": [
        {
          "schema_version": 1,
          "attributes": {
            "arn": "arn:aws:ecs:us-east-1:269898812198:task-definition/showtime-task:7",
            "container_definitions": "[{\"cpu\":128,\"environment\":[],\"essential\":true,\"image\":\"269898812198.dkr.ecr.us-east-1.amazonaws.com/showtime-service\",\"logConfiguration\":{\"logDriver\":\"awslogs\",\"options\":{\"awslogs-group\":\"aniket-ecs-group/showtimeapp\",\"awslogs-region\":\"us-east-1\"}},\"memory\":128,\"mountPoints\":[],\"name\":\"showtime\",\"portMappings\":[{\"containerPort\":3002,\"hostPort\":0,\"protocol\":\"tcp\"}],\"volumesFrom\":[]}]",
            "cpu": "",
            "execution_role_arn": "",
            "family": "showtime-task",
            "id": "showtime-task",
            "ipc_mode": null,
            "memory": "",
            "network_mode": "",
            "pid_mode": null,
            "placement_constraints": [],
            "requires_compatibilities": null,
            "revision": 7,
            "tags": null,
            "task_role_arn": "",
            "volume": []
          },
          "private": "eyJzY2hlbWFfdmVyc2lvbiI6IjEifQ==",
          "depends_on": [
            "data.template_file.task_definition_showtime"
          ]
        }
      ]
    },
    {
      "mode": "managed",
      "type": "aws_iam_instance_profile",
      "name": "app",
      "provider": "provider.aws",
      "instances": [
        {
          "schema_version": 0,
          "attributes": {
            "arn": "arn:aws:iam::269898812198:instance-profile/aniket-instance-profile",
            "create_date": "2019-06-19T13:04:36Z",
            "id": "aniket-instance-profile",
            "name": "aniket-instance-profile",
            "name_prefix": null,
            "path": "/",
            "role": "aniket-instance-role",
            "roles": [],
            "unique_id": "AIPAT5VZZBMTELBHFTKOH"
          },
          "private": "bnVsbA==",
          "depends_on": [
            "aws_iam_role.app_instance"
          ]
        }
      ]
    },
    {
      "mode": "managed",
      "type": "aws_iam_role",
      "name": "app_instance",
      "provider": "provider.aws",
      "instances": [
        {
          "schema_version": 0,
          "attributes": {
            "arn": "arn:aws:iam::269898812198:role/aniket-instance-role",
            "assume_role_policy": "{\"Version\":\"2012-10-17\",\"Statement\":[{\"Sid\":\"\",\"Effect\":\"Allow\",\"Principal\":{\"Service\":\"ec2.amazonaws.com\"},\"Action\":\"sts:AssumeRole\"}]}",
            "create_date": "2019-06-19T13:04:36Z",
            "description": "",
            "force_detach_policies": false,
            "id": "aniket-instance-role",
            "max_session_duration": 3600,
            "name": "aniket-instance-role",
            "name_prefix": null,
            "path": "/",
            "permissions_boundary": null,
            "tags": null,
            "unique_id": "AROAT5VZZBMTNBISFXR4P"
          },
          "private": "bnVsbA=="
        }
      ]
    },
    {
      "mode": "managed",
      "type": "aws_iam_role",
      "name": "ecs_service",
      "provider": "provider.aws",
      "instances": [
        {
          "schema_version": 0,
          "attributes": {
            "arn": "arn:aws:iam::269898812198:role/aniket-ecs-role",
            "assume_role_policy": "{\"Version\":\"2008-10-17\",\"Statement\":[{\"Sid\":\"\",\"Effect\":\"Allow\",\"Principal\":{\"Service\":\"ecs.amazonaws.com\"},\"Action\":\"sts:AssumeRole\"}]}",
            "create_date": "2019-06-19T13:04:36Z",
            "description": "",
            "force_detach_policies": false,
            "id": "aniket-ecs-role",
            "max_session_duration": 3600,
            "name": "aniket-ecs-role",
            "name_prefix": null,
            "path": "/",
            "permissions_boundary": null,
            "tags": null,
            "unique_id": "AROAT5VZZBMTPHXZONW2W"
          },
          "private": "bnVsbA=="
        }
      ]
    },
    {
      "mode": "managed",
      "type": "aws_iam_role_policy",
      "name": "ecs_service",
      "provider": "provider.aws",
      "instances": [
        {
          "schema_version": 0,
          "attributes": {
            "id": "aniket-ecs-role:aniket-ecs-policy",
            "name": "aniket-ecs-policy",
            "name_prefix": null,
            "policy": "{\n  \"Version\": \"2012-10-17\",\n  \"Statement\": [\n    {\n      \"Effect\": \"Allow\",\n      \"Action\": [\n        \"ec2:Describe*\",\n        \"elasticloadbalancing:DeregisterInstancesFromLoadBalancer\",\n        \"elasticloadbalancing:DeregisterTargets\",\n        \"elasticloadbalancing:Describe*\",\n        \"elasticloadbalancing:RegisterInstancesWithLoadBalancer\",\n        \"elasticloadbalancing:RegisterTargets\"\n      ],\n      \"Resource\": \"*\"\n    }\n  ]\n}\n",
            "role": "aniket-ecs-role"
          },
          "private": "bnVsbA==",
          "depends_on": [
            "aws_iam_role.ecs_service"
          ]
        }
      ]
    },
    {
      "mode": "managed",
      "type": "aws_iam_role_policy",
      "name": "instance",
      "provider": "provider.aws",
      "instances": [
        {
          "schema_version": 0,
          "attributes": {
            "id": "aniket-instance-role:aniketEcsInstanceRole",
            "name": "aniketEcsInstanceRole",
            "name_prefix": null,
            "policy": "{\n  \"Version\": \"2012-10-17\",\n  \"Statement\": [\n    {\n      \"Sid\": \"ecsInstanceRole\",\n      \"Effect\": \"Allow\",\n      \"Action\": [\n              \"ecs:CreateCluster\",\n              \"ecs:DeregisterContainerInstance\",\n              \"ecs:DiscoverPollEndpoint\",\n              \"ecs:Poll\",\n              \"ecs:RegisterContainerInstance\",\n              \"ecs:StartTelemetrySession\",\n              \"ecs:Submit*\",\n              \"ecs:StartTask\",\n              \"ecr:GetAuthorizationToken\",\n              \"ecr:BatchCheckLayerAvailability\",\n              \"ecr:GetDownloadUrlForLayer\",\n              \"ecr:BatchGetImage\",\n              \"logs:CreateLogStream\",\n              \"logs:PutLogEvents\"\n      ],\n      \"Resource\": [\n        \"*\"\n      ]\n    },\n    {\n      \"Sid\": \"allowLoggingToCloudWatch\",\n      \"Effect\": \"Allow\",\n      \"Action\": [\n                \"logs:CreateLogGroup\",\n                \"logs:CreateLogStream\",\n                \"logs:PutLogEvents\",\n                \"logs:DescribeLogStreams\"\n      ],\n      \"Resource\": [\n        \"arn:aws:logs:us-east-1:269898812198:log-group:aniket-ecs-group/showtimeapp:*\",\n        \"arn:aws:logs:us-east-1:269898812198:log-group:aniket-ecs-group/bookingapp:*\",\n        \"arn:aws:logs:us-east-1:269898812198:log-group:aniket-ecs-group/movieapp:*\",\n        \"arn:aws:logs:us-east-1:269898812198:log-group:aniket-ecs-group/ecs-agent:*\"\n      ]\n    }\n  ]\n}\n",
            "role": "aniket-instance-role"
          },
          "private": "bnVsbA==",
          "depends_on": [
            "aws_iam_role.app_instance",
            "data.template_file.instance_profile"
          ]
        }
      ]
    },
    {
      "mode": "managed",
      "type": "aws_launch_configuration",
      "name": "aniket_app",
      "provider": "provider.aws",
      "instances": [
        {
          "schema_version": 0,
          "attributes": {
            "associate_public_ip_address": true,
            "ebs_block_device": [],
            "ebs_optimized": false,
            "enable_monitoring": true,
            "ephemeral_block_device": [],
            "iam_instance_profile": "aniket-instance-profile",
            "id": "terraform-20190619130436595000000001",
            "image_id": "ami-5e414e24",
            "instance_type": "t2.micro",
            "key_name": "aniket2",
            "name": "terraform-20190619130436595000000001",
            "name_prefix": null,
            "placement_tenancy": null,
            "root_block_device": [],
            "security_groups": [
              "sg-0979687966e579fee",
              "sg-0c80ce4a0f043ea1f"
            ],
            "spot_price": "",
            "user_data": "5f5946ab8a26d8068a3df220ea37a768a021e42e",
            "user_data_base64": null,
            "vpc_classic_link_id": "",
            "vpc_classic_link_security_groups": null
          },
          "private": "bnVsbA==",
          "depends_on": [
            "aws_iam_instance_profile.app",
            "data.template_file.userdata"
          ]
        }
      ]
    },
    {
      "mode": "managed",
      "type": "aws_security_group",
      "name": "aniket_alb_sg",
      "provider": "provider.aws",
      "instances": [
        {
          "schema_version": 1,
          "attributes": {
            "arn": "arn:aws:ec2:us-east-1:269898812198:security-group/sg-00feff99ad4f4eafe",
            "description": "controls access to the application ELB",
            "egress": [
              {
                "cidr_blocks": [
                  "0.0.0.0/0"
                ],
                "description": "",
                "from_port": 0,
                "ipv6_cidr_blocks": [],
                "prefix_list_ids": [],
                "protocol": "-1",
                "security_groups": [],
                "self": false,
                "to_port": 0
              }
            ],
            "id": "sg-00feff99ad4f4eafe",
            "ingress": [
              {
                "cidr_blocks": [
                  "0.0.0.0/0"
                ],
                "description": "",
                "from_port": 80,
                "ipv6_cidr_blocks": [],
                "prefix_list_ids": [],
                "protocol": "tcp",
                "security_groups": [],
                "self": false,
                "to_port": 80
              }
            ],
            "name": "aniket-ecs-lbsg",
            "name_prefix": null,
            "owner_id": "269898812198",
            "revoke_rules_on_delete": false,
            "tags": null,
            "timeouts": null,
            "vpc_id": "vpc-f45d8f8e"
          },
          "private": "eyJlMmJmYjczMC1lY2FhLTExZTYtOGY4OC0zNDM2M2JjN2M0YzAiOnsiY3JlYXRlIjo2MDAwMDAwMDAwMDAsImRlbGV0ZSI6NjAwMDAwMDAwMDAwfSwic2NoZW1hX3ZlcnNpb24iOiIxIn0="
        }
      ]
    },
    {
      "mode": "managed",
      "type": "aws_security_group",
      "name": "aniket_application_sg",
      "provider": "provider.aws",
      "instances": [
        {
          "schema_version": 1,
          "attributes": {
            "arn": "arn:aws:ec2:us-east-1:269898812198:security-group/sg-072373c23f58ad4b9",
            "description": "controls direct access to application instances",
            "egress": [
              {
                "cidr_blocks": [
                  "0.0.0.0/0"
                ],
                "description": "",
                "from_port": 0,
                "ipv6_cidr_blocks": [],
                "prefix_list_ids": [],
                "protocol": "-1",
                "security_groups": [],
                "self": false,
                "to_port": 0
              }
            ],
            "id": "sg-072373c23f58ad4b9",
            "ingress": [
              {
                "cidr_blocks": [
                  "0.0.0.0/0"
                ],
                "description": "",
                "from_port": 22,
                "ipv6_cidr_blocks": [],
                "prefix_list_ids": [],
                "protocol": "tcp",
                "security_groups": [],
                "self": false,
                "to_port": 22
              },
              {
                "cidr_blocks": [],
                "description": "",
                "from_port": 3000,
                "ipv6_cidr_blocks": [],
                "prefix_list_ids": [],
                "protocol": "tcp",
                "security_groups": [
                  "sg-00feff99ad4f4eafe"
                ],
                "self": false,
                "to_port": 3000
              }
            ],
            "name": "aniket-ecs-appsg",
            "name_prefix": null,
            "owner_id": "269898812198",
            "revoke_rules_on_delete": false,
            "tags": null,
            "timeouts": null,
            "vpc_id": "vpc-f45d8f8e"
          },
          "private": "eyJlMmJmYjczMC1lY2FhLTExZTYtOGY4OC0zNDM2M2JjN2M0YzAiOnsiY3JlYXRlIjo2MDAwMDAwMDAwMDAsImRlbGV0ZSI6NjAwMDAwMDAwMDAwfSwic2NoZW1hX3ZlcnNpb24iOiIxIn0=",
          "depends_on": [
            "aws_security_group.aniket_alb_sg"
          ]
        }
      ]
    }
  ]
}
